# THIS IS AN AUTOGENERATED FILE. DO NOT EDIT THIS FILE DIRECTLY.
# yarn lockfile v1


"@u-wave/react-vimeo@^0.8.1":
  version "0.8.1"
  resolved "https://registry.yarnpkg.com/@u-wave/react-vimeo/-/react-vimeo-0.8.1.tgz#064c862f211a2d2eb8573e538ee4633338051302"
  integrity sha512-A6e0lBP/H04h7hhBjARj8u7Tl1HNE1eNb1tn0YMGQCRZK2AP1HiU/EGCUJSDYkXzWeMUqAdU6hPbEjro4KywWg==
  dependencies:
    "@vimeo/player" "^2.9.1"
    prop-types "^15.6.1"

"@vimeo/player@^2.9.1":
  version "2.10.0"
  resolved "https://registry.yarnpkg.com/@vimeo/player/-/player-2.10.0.tgz#1b3cb590a633b8b565b61b850c44a4fb9632b97a"
  integrity sha512-tG2M+9D92P4uJAmIwJmYHxZXtUKofT12Zu1iG7m03Q/GFt41kwJRMkfO2ZDU8BLrsG3AIt2hKkw776tDIR1Iuw==
  dependencies:
    native-promise-only "0.8.1"
    weakmap-polyfill "2.0.0"

bs-platform@^5.0.6:
  version "5.0.6"
  resolved "https://registry.yarnpkg.com/bs-platform/-/bs-platform-5.0.6.tgz#88c13041fb020479800de3d82c680bf971091425"
  integrity sha512-6Boa2VEcWJp2WJr38L7bp3J929nYha7gDarjxb070jWzgfPJ/WbzjipmSfnu2eqqk1MfjEIpBipbPz6n1NISwA==

"js-tokens@^3.0.0 || ^4.0.0":
  version "4.0.0"
  resolved "https://registry.yarnpkg.com/js-tokens/-/js-tokens-4.0.0.tgz#19203fb59991df98e3a287050d4647cdeaf32499"
  integrity sha512-RdJUflcE3cUzKiMqQgsCu06FPu9UdIJO0beYbPhHN4k6apgJtifcoCtT9bcxOpYBtpD2kCM6Sbzg4CausW/PKQ==

loose-envify@^1.1.0, loose-envify@^1.4.0:
  version "1.4.0"
  resolved "https://registry.yarnpkg.com/loose-envify/-/loose-envify-1.4.0.tgz#71ee51fa7be4caec1a63839f7e682d8132d30caf"
  integrity sha512-lyuxPGr/Wfhrlem2CL/UcnUc1zcqKAImBDzukY7Y5F/yQiNdko6+fRLevlw1HgMySw7f611UIY408EtxRSoK3Q==
  dependencies:
    js-tokens "^3.0.0 || ^4.0.0"

native-promise-only@0.8.1:
  version "0.8.1"
  resolved "https://registry.yarnpkg.com/native-promise-only/-/native-promise-only-0.8.1.tgz#20a318c30cb45f71fe7adfbf7b21c99c1472ef11"
  integrity sha1-IKMYwwy0X3H+et+/eyHJnBRy7xE=

object-assign@^4.1.1:
  version "4.1.1"
  resolved "https://registry.yarnpkg.com/object-assign/-/object-assign-4.1.1.tgz#2109adc7965887cfc05cbbd442cac8bfbb360863"
  integrity sha1-IQmtx5ZYh8/AXLvUQsrIv7s2CGM=

prop-types@^15.6.1, prop-types@^15.6.2:
  version "15.7.2"
  resolved "https://registry.yarnpkg.com/prop-types/-/prop-types-15.7.2.tgz#52c41e75b8c87e72b9d9360e0206b99dcbffa6c5"
  integrity sha512-8QQikdH7//R2vurIJSutZ1smHYTcLpRWEOlHnzcWHmBYrOGUysKwSsrC89BCiFj3CbrfJ/nXFdJepOVrY1GCHQ==
  dependencies:
    loose-envify "^1.4.0"
    object-assign "^4.1.1"
    react-is "^16.8.1"

react-dom@>=16.8.1:
  version "16.9.0"
  resolved "https://registry.yarnpkg.com/react-dom/-/react-dom-16.9.0.tgz#5e65527a5e26f22ae3701131bcccaee9fb0d3962"
  integrity sha512-YFT2rxO9hM70ewk9jq0y6sQk8cL02xm4+IzYBz75CQGlClQQ1Bxq0nhHF6OtSbit+AIahujJgb/CPRibFkMNJQ==
  dependencies:
    loose-envify "^1.1.0"
    object-assign "^4.1.1"
    prop-types "^15.6.2"
    scheduler "^0.15.0"

react-is@^16.8.1:
  version "16.9.0"
  resolved "https://registry.yarnpkg.com/react-is/-/react-is-16.9.0.tgz#21ca9561399aad0ff1a7701c01683e8ca981edcb"
  integrity sha512-tJBzzzIgnnRfEm046qRcURvwQnZVXmuCbscxUO5RWrGTXpon2d4c8mI0D8WE6ydVIm29JiLB6+RslkIvym9Rjw==

react@>=16.8.1:
  version "16.9.0"
  resolved "https://registry.yarnpkg.com/react/-/react-16.9.0.tgz#40ba2f9af13bc1a38d75dbf2f4359a5185c4f7aa"
  integrity sha512-+7LQnFBwkiw+BobzOF6N//BdoNw0ouwmSJTEm9cglOOmsg/TMiFHZLe2sEoN5M7LgJTj9oHH0gxklfnQe66S1w==
  dependencies:
    loose-envify "^1.1.0"
    object-assign "^4.1.1"
    prop-types "^15.6.2"

reason-react@^0.7.0:
  version "0.7.0"
  resolved "https://registry.yarnpkg.com/reason-react/-/reason-react-0.7.0.tgz#46a975c321e81cd51310d7b1a02418ca7667b0d6"
  integrity sha512-czR/f0lY5iyLCki9gwftOFF5Zs40l7ZSFmpGK/Z6hx2jBVeFDmIiXB8bAQW/cO6IvtuEt97OmsYueiuOYG9XjQ==
  dependencies:
    react ">=16.8.1"
    react-dom ">=16.8.1"

scheduler@^0.15.0:
  version "0.15.0"
  resolved "https://registry.yarnpkg.com/scheduler/-/scheduler-0.15.0.tgz#6bfcf80ff850b280fed4aeecc6513bc0b4f17f8e"
  integrity sha512-xAefmSfN6jqAa7Kuq7LIJY0bwAPG3xlCj0HMEBQk1lxYiDKZscY2xJ5U/61ZTrYbmNQbXa+gc7czPkVo11tnCg==
  dependencies:
    loose-envify "^1.1.0"
    object-assign "^4.1.1"

weakmap-polyfill@2.0.0:
  version "2.0.0"
  resolved "https://registry.yarnpkg.com/weakmap-polyfill/-/weakmap-polyfill-2.0.0.tgz#8f28f935e3853896ad40747e5258db578d9dc8de"
  integrity sha1-jyj5NeOFOJatQHR+UljbV42dyN4=
